
Microsoft Visual Studio Solution File, Format Version 12.00
# Visual Studio Version 16
VisualStudioVersion = 16.0.29503.13
MinimumVisualStudioVersion = 10.0.40219.1
Project("{9092AA53-FB77-4645-B42D-1CCCA6BD08BD}") = "DABFrontEnd", "DABFrontEnd\DABFrontEnd.njsproj", "{4602C86A-CEAC-452B-BEAE-67CCB474A667}"
EndProject
Global
	GlobalSection(SolutionConfigurationPlatforms) = preSolution
		Debug|Any CPU = Debug|Any CPU
		Release|Any CPU = Release|Any CPU
	EndGlobalSection
	GlobalSection(ProjectConfigurationPlatforms) = postSolution
		{4602C86A-CEAC-452B-BEAE-67CCB474A667}.Debug|Any CPU.ActiveCfg = Debug|Any CPU
		{4602C86A-CEAC-452B-BEAE-67CCB474A667}.Debug|Any CPU.Build.0 = Debug|Any CPU
		{4602C86A-CEAC-452B-BEAE-67CCB474A667}.Release|Any CPU.ActiveCfg = Release|Any CPU
		{4602C86A-CEAC-452B-BEAE-67CCB474A667}.Release|Any CPU.Build.0 = Release|Any CPU
	EndGlobalSection
	GlobalSection(SolutionProperties) = preSolution
		HideSolutionNode = FALSE
	EndGlobalSection
	GlobalSection(ExtensibilityGlobals) = postSolution
		SolutionGuid = {87CAE210-51A1-4D78-9EDC-9B8F6EDA79CB}
	EndGlobalSection
EndGlobal
